<?xml version="1.0" encoding="utf-8"?>
<Project ToolsVersion="4.0" xmlns="http://schemas.microsoft.com/developer/msbuild/2003">
  <ItemGroup>
    <Filter Include="Source Files">
      <UniqueIdentifier>{4FC737F1-C7A5-4376-A066-2A32D752A2FF}</UniqueIdentifier>
      <Extensions>cpp;c;cc;cxx;def;odl;idl;hpj;bat;asm;asmx</Extensions>
    </Filter>
    <Filter Include="Header Files">
      <UniqueIdentifier>{93995380-89BD-4b04-88EB-625FBE52EBFB}</UniqueIdentifier>
      <Extensions>h;hh;hpp;hxx;hm;inl;inc;xsd</Extensions>
    </Filter>
    <Filter Include="3rdparty">
      <UniqueIdentifier>{4b0c2286-4d33-45eb-8a39-4f28fcfbae70}</UniqueIdentifier>
    </Filter>
    <Filter Include="3rdparty\primesieve">
      <UniqueIdentifier>{5d4bd05e-36ca-401e-97eb-890b0bcec7fb}</UniqueIdentifier>
    </Filter>
    <Filter Include="3rdparty\primesieve\headers">
      <UniqueIdentifier>{697872bf-4854-445e-81f4-8915e9591fe7}</UniqueIdentifier>
    </Filter>
    <Filter Include="3rdparty\primesieve\headers\primesieve">
      <UniqueIdentifier>{c146e554-3c34-4b14-a6cf-7f902cf657c8}</UniqueIdentifier>
    </Filter>
    <Filter Include="3rdparty\primesieve\source">
      <UniqueIdentifier>{89d13af1-146e-4827-84c3-385efdd6914b}</UniqueIdentifier>
    </Filter>
    <Filter Include="Source Files\CL">
      <UniqueIdentifier>{2946c981-c064-4b4c-9f3f-57a2ee79d1af}</UniqueIdentifier>
    </Filter>
  </ItemGroup>
  <ItemGroup>
    <ClInclude Include="stdafx.h">
      <Filter>Header Files</Filter>
    </ClInclude>
    <ClInclude Include="Definitions.h">
      <Filter>Header Files</Filter>
    </ClInclude>
    <ClInclude Include="PrimeTables.h">
      <Filter>Header Files</Filter>
    </ClInclude>
    <ClInclude Include="sprp64.h">
      <Filter>Header Files</Filter>
    </ClInclude>
    <ClInclude Include="..\primesieve\include\primesieve\bits.hpp">
      <Filter>3rdparty\primesieve\headers\primesieve</Filter>
    </ClInclude>
    <ClInclude Include="..\primesieve\include\primesieve\Callback.hpp">
      <Filter>3rdparty\primesieve\headers\primesieve</Filter>
    </ClInclude>
    <ClInclude Include="..\primesieve\include\primesieve\callback_t.hpp">
      <Filter>3rdparty\primesieve\headers\primesieve</Filter>
    </ClInclude>
    <ClInclude Include="..\primesieve\include\primesieve\cancel_callback.hpp">
      <Filter>3rdparty\primesieve\headers\primesieve</Filter>
    </ClInclude>
    <ClInclude Include="..\primesieve\include\primesieve\config.hpp">
      <Filter>3rdparty\primesieve\headers\primesieve</Filter>
    </ClInclude>
    <ClInclude Include="..\primesieve\include\primesieve\EratBig.hpp">
      <Filter>3rdparty\primesieve\headers\primesieve</Filter>
    </ClInclude>
    <ClInclude Include="..\primesieve\include\primesieve\EratMedium.hpp">
      <Filter>3rdparty\primesieve\headers\primesieve</Filter>
    </ClInclude>
    <ClInclude Include="..\primesieve\include\primesieve\EratSmall.hpp">
      <Filter>3rdparty\primesieve\headers\primesieve</Filter>
    </ClInclude>
    <ClInclude Include="..\primesieve\include\primesieve\littleendian_cast.hpp">
      <Filter>3rdparty\primesieve\headers\primesieve</Filter>
    </ClInclude>
    <ClInclude Include="..\primesieve\include\primesieve\malloc_vector.hpp">
      <Filter>3rdparty\primesieve\headers\primesieve</Filter>
    </ClInclude>
    <ClInclude Include="..\primesieve\include\primesieve\pmath.hpp">
      <Filter>3rdparty\primesieve\headers\primesieve</Filter>
    </ClInclude>
    <ClInclude Include="..\primesieve\include\primesieve\PreSieve.hpp">
      <Filter>3rdparty\primesieve\headers\primesieve</Filter>
    </ClInclude>
    <ClInclude Include="..\primesieve\include\primesieve\PrimeFinder.hpp">
      <Filter>3rdparty\primesieve\headers\primesieve</Filter>
    </ClInclude>
    <ClInclude Include="..\primesieve\include\primesieve\PrimeGenerator.hpp">
      <Filter>3rdparty\primesieve\headers\primesieve</Filter>
    </ClInclude>
    <ClInclude Include="..\primesieve\include\primesieve\PrimeSieve.hpp">
      <Filter>3rdparty\primesieve\headers\primesieve</Filter>
    </ClInclude>
    <ClInclude Include="..\primesieve\include\primesieve\primesieve_error.hpp">
      <Filter>3rdparty\primesieve\headers\primesieve</Filter>
    </ClInclude>
    <ClInclude Include="..\primesieve\include\primesieve\PushBackPrimes.hpp">
      <Filter>3rdparty\primesieve\headers\primesieve</Filter>
    </ClInclude>
    <ClInclude Include="..\primesieve\include\primesieve\SieveOfEratosthenes-inline.hpp">
      <Filter>3rdparty\primesieve\headers\primesieve</Filter>
    </ClInclude>
    <ClInclude Include="..\primesieve\include\primesieve\SieveOfEratosthenes.hpp">
      <Filter>3rdparty\primesieve\headers\primesieve</Filter>
    </ClInclude>
    <ClInclude Include="..\primesieve\include\primesieve\toString.hpp">
      <Filter>3rdparty\primesieve\headers\primesieve</Filter>
    </ClInclude>
    <ClInclude Include="..\primesieve\include\primesieve\WheelFactorization.hpp">
      <Filter>3rdparty\primesieve\headers\primesieve</Filter>
    </ClInclude>
    <ClInclude Include="..\primesieve\include\primesieve.hpp">
      <Filter>3rdparty\primesieve\headers</Filter>
    </ClInclude>
    <ClInclude Include="..\primesieve\include\primesieve.h">
      <Filter>3rdparty\primesieve\headers</Filter>
    </ClInclude>
    <ClInclude Include="RangeGen.h">
      <Filter>Header Files</Filter>
    </ClInclude>
    <ClInclude Include="..\primesieve\include\primesieve_warnings.h">
      <Filter>3rdparty\primesieve\headers</Filter>
    </ClInclude>
    <ClInclude Include="Platform.h">
      <Filter>Header Files</Filter>
    </ClInclude>
    <ClInclude Include="Platform_MSVC_Windows.h">
      <Filter>Header Files</Filter>
    </ClInclude>
    <ClInclude Include="Platform_GCC_Linux.h">
      <Filter>Header Files</Filter>
    </ClInclude>
    <ClInclude Include="CompileTimeFunctions.h">
      <Filter>Header Files</Filter>
    </ClInclude>
    <ClInclude Include="num128.h">
      <Filter>Header Files</Filter>
    </ClInclude>
    <ClInclude Include="Amicable_OpenCL.h">
      <Filter>Header Files</Filter>
    </ClInclude>
  </ItemGroup>
  <ItemGroup>
    <ClCompile Include="stdafx.cpp">
      <Filter>Source Files</Filter>
    </ClCompile>
    <ClCompile Include="Amicable.cpp">
      <Filter>Source Files</Filter>
    </ClCompile>
    <ClCompile Include="PrimeTables.cpp">
      <Filter>Source Files</Filter>
    </ClCompile>
    <ClCompile Include="..\primesieve\src\primesieve\EratBig.cpp">
      <Filter>3rdparty\primesieve\source</Filter>
    </ClCompile>
    <ClCompile Include="..\primesieve\src\primesieve\EratMedium.cpp">
      <Filter>3rdparty\primesieve\source</Filter>
    </ClCompile>
    <ClCompile Include="..\primesieve\src\primesieve\EratSmall.cpp">
      <Filter>3rdparty\primesieve\source</Filter>
    </ClCompile>
    <ClCompile Include="..\primesieve\src\primesieve\popcount.cpp">
      <Filter>3rdparty\primesieve\source</Filter>
    </ClCompile>
    <ClCompile Include="..\primesieve\src\primesieve\PreSieve.cpp">
      <Filter>3rdparty\primesieve\source</Filter>
    </ClCompile>
    <ClCompile Include="..\primesieve\src\primesieve\PrimeFinder.cpp">
      <Filter>3rdparty\primesieve\source</Filter>
    </ClCompile>
    <ClCompile Include="..\primesieve\src\primesieve\PrimeGenerator.cpp">
      <Filter>3rdparty\primesieve\source</Filter>
    </ClCompile>
    <ClCompile Include="..\primesieve\src\primesieve\primesieve-api-c.cpp">
      <Filter>3rdparty\primesieve\source</Filter>
    </ClCompile>
    <ClCompile Include="..\primesieve\src\primesieve\primesieve-api.cpp">
      <Filter>3rdparty\primesieve\source</Filter>
    </ClCompile>
    <ClCompile Include="..\primesieve\src\primesieve\PrimeSieve.cpp">
      <Filter>3rdparty\primesieve\source</Filter>
    </ClCompile>
    <ClCompile Include="..\primesieve\src\primesieve\SieveOfEratosthenes.cpp">
      <Filter>3rdparty\primesieve\source</Filter>
    </ClCompile>
    <ClCompile Include="..\primesieve\src\primesieve\WheelFactorization.cpp">
      <Filter>3rdparty\primesieve\source</Filter>
    </ClCompile>
    <ClCompile Include="RangeGen.cpp">
      <Filter>Source Files</Filter>
    </ClCompile>
    <ClCompile Include="Platform.cpp">
      <Filter>Source Files</Filter>
    </ClCompile>
    <ClCompile Include="Definitions.cpp">
      <Filter>Source Files</Filter>
    </ClCompile>
    <ClCompile Include="num128.cpp">
      <Filter>Source Files</Filter>
    </ClCompile>
    <ClCompile Include="Amicable_OpenCL.cpp">
      <Filter>Source Files</Filter>
    </ClCompile>
  </ItemGroup>
  <ItemGroup>
    <None Include="kernel.cl">
      <Filter>Source Files\CL</Filter>
    </None>
  </ItemGroup>
</Project>